
Microsoft Visual Studio Solution File, Format Version 12.00
# Visual Studio Version 17
VisualStudioVersion = 17.9.34728.123
MinimumVisualStudioVersion = 10.0.40219.1
Project("{FAE04EC0-301F-11D3-BF4B-00C04F79EFBC}") = "BoardGames.Web", "BoardGames.Web\BoardGames.Web.csproj", "{B63B6098-ADFC-40DC-8B1D-FC3F8E06EBDE}"
EndProject
Project("{FAE04EC0-301F-11D3-BF4B-00C04F79EFBC}") = "BoardGames.Domain", "BoardGames.Domain\BoardGames.Domain.csproj", "{4D07E0BC-396C-4C50-AAE4-78A23F9860C3}"
EndProject
Project("{FAE04EC0-301F-11D3-BF4B-00C04F79EFBC}") = "BoardGames.Application", "BoardGames.Application\BoardGames.Application.csproj", "{FADF8FAB-552C-4987-8E61-1C3CC9486191}"
EndProject
Project("{FAE04EC0-301F-11D3-BF4B-00C04F79EFBC}") = "BoardGames.Infrastructure", "BoardGames.Infrastructure\BoardGames.Infrastructure.csproj", "{3E7F3B65-7189-4DD9-8933-218ADF7E4B77}"
EndProject
Global
	GlobalSection(SolutionConfigurationPlatforms) = preSolution
		Debug|Any CPU = Debug|Any CPU
		Release|Any CPU = Release|Any CPU
	EndGlobalSection
	GlobalSection(ProjectConfigurationPlatforms) = postSolution
		{B63B6098-ADFC-40DC-8B1D-FC3F8E06EBDE}.Debug|Any CPU.ActiveCfg = Debug|Any CPU
		{B63B6098-ADFC-40DC-8B1D-FC3F8E06EBDE}.Debug|Any CPU.Build.0 = Debug|Any CPU
		{B63B6098-ADFC-40DC-8B1D-FC3F8E06EBDE}.Release|Any CPU.ActiveCfg = Release|Any CPU
		{B63B6098-ADFC-40DC-8B1D-FC3F8E06EBDE}.Release|Any CPU.Build.0 = Release|Any CPU
		{4D07E0BC-396C-4C50-AAE4-78A23F9860C3}.Debug|Any CPU.ActiveCfg = Debug|Any CPU
		{4D07E0BC-396C-4C50-AAE4-78A23F9860C3}.Debug|Any CPU.Build.0 = Debug|Any CPU
		{4D07E0BC-396C-4C50-AAE4-78A23F9860C3}.Release|Any CPU.ActiveCfg = Release|Any CPU
		{4D07E0BC-396C-4C50-AAE4-78A23F9860C3}.Release|Any CPU.Build.0 = Release|Any CPU
		{FADF8FAB-552C-4987-8E61-1C3CC9486191}.Debug|Any CPU.ActiveCfg = Debug|Any CPU
		{FADF8FAB-552C-4987-8E61-1C3CC9486191}.Debug|Any CPU.Build.0 = Debug|Any CPU
		{FADF8FAB-552C-4987-8E61-1C3CC9486191}.Release|Any CPU.ActiveCfg = Release|Any CPU
		{FADF8FAB-552C-4987-8E61-1C3CC9486191}.Release|Any CPU.Build.0 = Release|Any CPU
		{3E7F3B65-7189-4DD9-8933-218ADF7E4B77}.Debug|Any CPU.ActiveCfg = Debug|Any CPU
		{3E7F3B65-7189-4DD9-8933-218ADF7E4B77}.Debug|Any CPU.Build.0 = Debug|Any CPU
		{3E7F3B65-7189-4DD9-8933-218ADF7E4B77}.Release|Any CPU.ActiveCfg = Release|Any CPU
		{3E7F3B65-7189-4DD9-8933-218ADF7E4B77}.Release|Any CPU.Build.0 = Release|Any CPU
	EndGlobalSection
	GlobalSection(SolutionProperties) = preSolution
		HideSolutionNode = FALSE
	EndGlobalSection
	GlobalSection(ExtensibilityGlobals) = postSolution
		SolutionGuid = {6DF679DA-2892-45E9-9071-DB3B3EAF3E53}
	EndGlobalSection
EndGlobal
